github.com/yut-kt/goft v0.1.0 h1:vCAeHyADiXDmgGnr8STckid83I5Agvl4oZd2G/4ljqY=
github.com/yut-kt/goft v0.1.0/go.mod h1:Vg9d313p8lyMQt7hBs7VSWKxeiVEyLPTgfpJl8EC0/A=
github.com/yut-kt/gowindow v0.1.7 h1:cHch1I8E2tBbC9t6vyY8h8mrKEiZUrtXdRSJY2rMl6s=
github.com/yut-kt/gowindow v0.1.7/go.mod h1:cVaGb9r0J2+NgVBb1UEJ3rYQ4CkzXXoHfX1JqWAciBk=
